
Microsoft Visual Studio Solution File, Format Version 12.00
# Visual Studio Version 16
VisualStudioVersion = 16.0.30225.117
MinimumVisualStudioVersion = 10.0.40219.1
Project("{9A19103F-16F7-4668-BE54-9A1E7A4F7556}") = "Ads.Client", "Ads.Client\Ads.Client.csproj", "{93BEE6EA-06D8-4108-9630-23C6ADC03C32}"
EndProject
Project("{9A19103F-16F7-4668-BE54-9A1E7A4F7556}") = "Ads.Client.Finder", "Ads.Client.Finder\Ads.Client.Finder.csproj", "{FA6BBAB2-0F45-4C12-A404-BD964F60C1EA}"
EndProject
Project("{9A19103F-16F7-4668-BE54-9A1E7A4F7556}") = "Ads.Client.Winsock", "Ads.Client.Winsock\Ads.Client.Winsock.csproj", "{18D15B5C-27FC-4E15-A5C4-D5155A4DB286}"
EndProject
Global
	GlobalSection(SolutionConfigurationPlatforms) = preSolution
		Debug|Any CPU = Debug|Any CPU
		Release|Any CPU = Release|Any CPU
	EndGlobalSection
	GlobalSection(ProjectConfigurationPlatforms) = postSolution
		{93BEE6EA-06D8-4108-9630-23C6ADC03C32}.Debug|Any CPU.ActiveCfg = Debug|Any CPU
		{93BEE6EA-06D8-4108-9630-23C6ADC03C32}.Debug|Any CPU.Build.0 = Debug|Any CPU
		{93BEE6EA-06D8-4108-9630-23C6ADC03C32}.Release|Any CPU.ActiveCfg = Release|Any CPU
		{93BEE6EA-06D8-4108-9630-23C6ADC03C32}.Release|Any CPU.Build.0 = Release|Any CPU
		{FA6BBAB2-0F45-4C12-A404-BD964F60C1EA}.Debug|Any CPU.ActiveCfg = Debug|Any CPU
		{FA6BBAB2-0F45-4C12-A404-BD964F60C1EA}.Debug|Any CPU.Build.0 = Debug|Any CPU
		{FA6BBAB2-0F45-4C12-A404-BD964F60C1EA}.Release|Any CPU.ActiveCfg = Release|Any CPU
		{FA6BBAB2-0F45-4C12-A404-BD964F60C1EA}.Release|Any CPU.Build.0 = Release|Any CPU
		{18D15B5C-27FC-4E15-A5C4-D5155A4DB286}.Debug|Any CPU.ActiveCfg = Debug|Any CPU
		{18D15B5C-27FC-4E15-A5C4-D5155A4DB286}.Debug|Any CPU.Build.0 = Debug|Any CPU
		{18D15B5C-27FC-4E15-A5C4-D5155A4DB286}.Release|Any CPU.ActiveCfg = Release|Any CPU
		{18D15B5C-27FC-4E15-A5C4-D5155A4DB286}.Release|Any CPU.Build.0 = Release|Any CPU
	EndGlobalSection
	GlobalSection(SolutionProperties) = preSolution
		HideSolutionNode = FALSE
	EndGlobalSection
	GlobalSection(ExtensibilityGlobals) = postSolution
		SolutionGuid = {A6FD30CD-657A-4468-BE24-C8B74EDC748D}
	EndGlobalSection
EndGlobal
